Microsoft Visual Studio Solution File, Format Version 12.00
# Visual Studio 14
VisualStudioVersion = 14.0.25420.1
MinimumVisualStudioVersion = 10.0.40219.1
Project("{D954291E-2A0B-460D-934E-DC6B0785DB48}") = "GeoffForms", "GeoffForms\GeoffForms.shproj", "{220A975E-854C-415C-B0FE-76932394BA81}"
EndProject
Project("{FAE04EC0-301F-11D3-BF4B-00C04F79EFBC}") = "GeoffForms.iOS", "iOS\GeoffForms.iOS.csproj", "{31003EAF-26FE-4EEE-8E5A-76A61304462E}"
EndProject
Project("{FAE04EC0-301F-11D3-BF4B-00C04F79EFBC}") = "GeoffForms.Droid", "Droid\GeoffForms.Droid.csproj", "{3578CE46-36FF-4DA3-9F11-AC98223F6228}"
EndProject
Project("{FAE04EC0-301F-11D3-BF4B-00C04F79EFBC}") = "GeoffForms.UITests", "UITests\GeoffForms.UITests.csproj", "{595C28C0-2B5A-4EC1-9943-436D2BD1BBAF}"
EndProject
Project("{FAE04EC0-301F-11D3-BF4B-00C04F79EFBC}") = "GeoffForms.WindowsPhone", "GeoffForms.WindowsPhone\GeoffForms.WindowsPhone.csproj", "{1990FC0D-41B3-4777-9968-71DD66334086}"
EndProject
Global
	GlobalSection(SharedMSBuildProjectFiles) = preSolution
		GeoffForms\GeoffForms.projitems*{1990fc0d-41b3-4777-9968-71dd66334086}*SharedItemsImports = 4
		GeoffForms\GeoffForms.projitems*{220a975e-854c-415c-b0fe-76932394ba81}*SharedItemsImports = 13
		GeoffForms\GeoffForms.projitems*{31003eaf-26fe-4eee-8e5a-76a61304462e}*SharedItemsImports = 4
		GeoffForms\GeoffForms.projitems*{3578ce46-36ff-4da3-9f11-ac98223f6228}*SharedItemsImports = 4
	EndGlobalSection
	GlobalSection(SolutionConfigurationPlatforms) = preSolution
		Debug|Any CPU = Debug|Any CPU
		Debug|ARM = Debug|ARM
		Debug|iPhone = Debug|iPhone
		Debug|iPhoneSimulator = Debug|iPhoneSimulator
		Debug|x86 = Debug|x86
		Release|Any CPU = Release|Any CPU
		Release|ARM = Release|ARM
		Release|iPhone = Release|iPhone
		Release|iPhoneSimulator = Release|iPhoneSimulator
		Release|x86 = Release|x86
	EndGlobalSection
	GlobalSection(ProjectConfigurationPlatforms) = postSolution
		{31003EAF-26FE-4EEE-8E5A-76A61304462E}.Debug|Any CPU.ActiveCfg = Debug|iPhoneSimulator
		{31003EAF-26FE-4EEE-8E5A-76A61304462E}.Debug|ARM.ActiveCfg = Debug|iPhone
		{31003EAF-26FE-4EEE-8E5A-76A61304462E}.Debug|iPhone.ActiveCfg = Debug|iPhone
		{31003EAF-26FE-4EEE-8E5A-76A61304462E}.Debug|iPhone.Build.0 = Debug|iPhone
		{31003EAF-26FE-4EEE-8E5A-76A61304462E}.Debug|iPhoneSimulator.ActiveCfg = Debug|iPhoneSimulator
		{31003EAF-26FE-4EEE-8E5A-76A61304462E}.Debug|iPhoneSimulator.Build.0 = Debug|iPhoneSimulator
		{31003EAF-26FE-4EEE-8E5A-76A61304462E}.Debug|x86.ActiveCfg = Debug|iPhone
		{31003EAF-26FE-4EEE-8E5A-76A61304462E}.Release|Any CPU.ActiveCfg = Release|iPhone
		{31003EAF-26FE-4EEE-8E5A-76A61304462E}.Release|Any CPU.Build.0 = Release|iPhone
		{31003EAF-26FE-4EEE-8E5A-76A61304462E}.Release|ARM.ActiveCfg = Release|iPhoneSimulator
		{31003EAF-26FE-4EEE-8E5A-76A61304462E}.Release|iPhone.ActiveCfg = Release|iPhone
		{31003EAF-26FE-4EEE-8E5A-76A61304462E}.Release|iPhone.Build.0 = Release|iPhone
		{31003EAF-26FE-4EEE-8E5A-76A61304462E}.Release|iPhoneSimulator.ActiveCfg = Release|iPhoneSimulator
		{31003EAF-26FE-4EEE-8E5A-76A61304462E}.Release|iPhoneSimulator.Build.0 = Release|iPhoneSimulator
		{31003EAF-26FE-4EEE-8E5A-76A61304462E}.Release|x86.ActiveCfg = Release|iPhoneSimulator
		{3578CE46-36FF-4DA3-9F11-AC98223F6228}.Debug|Any CPU.ActiveCfg = Debug|Any CPU
		{3578CE46-36FF-4DA3-9F11-AC98223F6228}.Debug|ARM.ActiveCfg = Debug|Any CPU
		{3578CE46-36FF-4DA3-9F11-AC98223F6228}.Debug|ARM.Build.0 = Debug|Any CPU
		{3578CE46-36FF-4DA3-9F11-AC98223F6228}.Debug|ARM.Deploy.0 = Debug|Any CPU
		{3578CE46-36FF-4DA3-9F11-AC98223F6228}.Debug|iPhone.ActiveCfg = Debug|Any CPU
		{3578CE46-36FF-4DA3-9F11-AC98223F6228}.Debug|iPhone.Build.0 = Debug|Any CPU
		{3578CE46-36FF-4DA3-9F11-AC98223F6228}.Debug|iPhoneSimulator.ActiveCfg = Debug|Any CPU
		{3578CE46-36FF-4DA3-9F11-AC98223F6228}.Debug|iPhoneSimulator.Build.0 = Debug|Any CPU
		{3578CE46-36FF-4DA3-9F11-AC98223F6228}.Debug|x86.ActiveCfg = Debug|Any CPU
		{3578CE46-36FF-4DA3-9F11-AC98223F6228}.Debug|x86.Build.0 = Debug|Any CPU
		{3578CE46-36FF-4DA3-9F11-AC98223F6228}.Debug|x86.Deploy.0 = Debug|Any CPU
		{3578CE46-36FF-4DA3-9F11-AC98223F6228}.Release|Any CPU.ActiveCfg = Release|Any CPU
		{3578CE46-36FF-4DA3-9F11-AC98223F6228}.Release|Any CPU.Build.0 = Release|Any CPU
		{3578CE46-36FF-4DA3-9F11-AC98223F6228}.Release|ARM.ActiveCfg = Release|Any CPU
		{3578CE46-36FF-4DA3-9F11-AC98223F6228}.Release|ARM.Build.0 = Release|Any CPU
		{3578CE46-36FF-4DA3-9F11-AC98223F6228}.Release|ARM.Deploy.0 = Release|Any CPU
		{3578CE46-36FF-4DA3-9F11-AC98223F6228}.Release|iPhone.ActiveCfg = Release|Any CPU
		{3578CE46-36FF-4DA3-9F11-AC98223F6228}.Release|iPhone.Build.0 = Release|Any CPU
		{3578CE46-36FF-4DA3-9F11-AC98223F6228}.Release|iPhoneSimulator.ActiveCfg = Release|Any CPU
		{3578CE46-36FF-4DA3-9F11-AC98223F6228}.Release|iPhoneSimulator.Build.0 = Release|Any CPU
		{3578CE46-36FF-4DA3-9F11-AC98223F6228}.Release|x86.ActiveCfg = Release|Any CPU
		{3578CE46-36FF-4DA3-9F11-AC98223F6228}.Release|x86.Build.0 = Release|Any CPU
		{3578CE46-36FF-4DA3-9F11-AC98223F6228}.Release|x86.Deploy.0 = Release|Any CPU
		{595C28C0-2B5A-4EC1-9943-436D2BD1BBAF}.Debug|Any CPU.ActiveCfg = Debug|Any CPU
		{595C28C0-2B5A-4EC1-9943-436D2BD1BBAF}.Debug|ARM.ActiveCfg = Debug|Any CPU
		{595C28C0-2B5A-4EC1-9943-436D2BD1BBAF}.Debug|ARM.Build.0 = Debug|Any CPU
		{595C28C0-2B5A-4EC1-9943-436D2BD1BBAF}.Debug|iPhone.ActiveCfg = Debug|Any CPU
		{595C28C0-2B5A-4EC1-9943-436D2BD1BBAF}.Debug|iPhone.Build.0 = Debug|Any CPU
		{595C28C0-2B5A-4EC1-9943-436D2BD1BBAF}.Debug|iPhoneSimulator.ActiveCfg = Debug|Any CPU
		{595C28C0-2B5A-4EC1-9943-436D2BD1BBAF}.Debug|iPhoneSimulator.Build.0 = Debug|Any CPU
		{595C28C0-2B5A-4EC1-9943-436D2BD1BBAF}.Debug|x86.ActiveCfg = Debug|Any CPU
		{595C28C0-2B5A-4EC1-9943-436D2BD1BBAF}.Debug|x86.Build.0 = Debug|Any CPU
		{595C28C0-2B5A-4EC1-9943-436D2BD1BBAF}.Release|Any CPU.ActiveCfg = Release|Any CPU
		{595C28C0-2B5A-4EC1-9943-436D2BD1BBAF}.Release|Any CPU.Build.0 = Release|Any CPU
		{595C28C0-2B5A-4EC1-9943-436D2BD1BBAF}.Release|ARM.ActiveCfg = Release|Any CPU
		{595C28C0-2B5A-4EC1-9943-436D2BD1BBAF}.Release|ARM.Build.0 = Release|Any CPU
		{595C28C0-2B5A-4EC1-9943-436D2BD1BBAF}.Release|iPhone.ActiveCfg = Release|Any CPU
		{595C28C0-2B5A-4EC1-9943-436D2BD1BBAF}.Release|iPhone.Build.0 = Release|Any CPU
		{595C28C0-2B5A-4EC1-9943-436D2BD1BBAF}.Release|iPhoneSimulator.ActiveCfg = Release|Any CPU
		{595C28C0-2B5A-4EC1-9943-436D2BD1BBAF}.Release|iPhoneSimulator.Build.0 = Release|Any CPU
		{595C28C0-2B5A-4EC1-9943-436D2BD1BBAF}.Release|x86.ActiveCfg = Release|Any CPU
		{595C28C0-2B5A-4EC1-9943-436D2BD1BBAF}.Release|x86.Build.0 = Release|Any CPU
		{1990FC0D-41B3-4777-9968-71DD66334086}.Debug|Any CPU.ActiveCfg = Debug|Any CPU
		{1990FC0D-41B3-4777-9968-71DD66334086}.Debug|Any CPU.Build.0 = Debug|Any CPU
		{1990FC0D-41B3-4777-9968-71DD66334086}.Debug|Any CPU.Deploy.0 = Debug|Any CPU
		{1990FC0D-41B3-4777-9968-71DD66334086}.Debug|ARM.ActiveCfg = Debug|ARM
		{1990FC0D-41B3-4777-9968-71DD66334086}.Debug|ARM.Build.0 = Debug|ARM
		{1990FC0D-41B3-4777-9968-71DD66334086}.Debug|ARM.Deploy.0 = Debug|ARM
		{1990FC0D-41B3-4777-9968-71DD66334086}.Debug|iPhone.ActiveCfg = Debug|Any CPU
		{1990FC0D-41B3-4777-9968-71DD66334086}.Debug|iPhone.Build.0 = Debug|Any CPU
		{1990FC0D-41B3-4777-9968-71DD66334086}.Debug|iPhone.Deploy.0 = Debug|Any CPU
		{1990FC0D-41B3-4777-9968-71DD66334086}.Debug|iPhoneSimulator.ActiveCfg = Debug|Any CPU
		{1990FC0D-41B3-4777-9968-71DD66334086}.Debug|iPhoneSimulator.Build.0 = Debug|Any CPU
		{1990FC0D-41B3-4777-9968-71DD66334086}.Debug|iPhoneSimulator.Deploy.0 = Debug|Any CPU
		{1990FC0D-41B3-4777-9968-71DD66334086}.Debug|x86.ActiveCfg = Debug|x86
		{1990FC0D-41B3-4777-9968-71DD66334086}.Debug|x86.Build.0 = Debug|x86
		{1990FC0D-41B3-4777-9968-71DD66334086}.Debug|x86.Deploy.0 = Debug|x86
		{1990FC0D-41B3-4777-9968-71DD66334086}.Release|Any CPU.ActiveCfg = Release|Any CPU
		{1990FC0D-41B3-4777-9968-71DD66334086}.Release|Any CPU.Build.0 = Release|Any CPU
		{1990FC0D-41B3-4777-9968-71DD66334086}.Release|Any CPU.Deploy.0 = Release|Any CPU
		{1990FC0D-41B3-4777-9968-71DD66334086}.Release|ARM.ActiveCfg = Release|ARM
		{1990FC0D-41B3-4777-9968-71DD66334086}.Release|ARM.Build.0 = Release|ARM
		{1990FC0D-41B3-4777-9968-71DD66334086}.Release|ARM.Deploy.0 = Release|ARM
		{1990FC0D-41B3-4777-9968-71DD66334086}.Release|iPhone.ActiveCfg = Release|Any CPU
		{1990FC0D-41B3-4777-9968-71DD66334086}.Release|iPhone.Build.0 = Release|Any CPU
		{1990FC0D-41B3-4777-9968-71DD66334086}.Release|iPhone.Deploy.0 = Release|Any CPU
		{1990FC0D-41B3-4777-9968-71DD66334086}.Release|iPhoneSimulator.ActiveCfg = Release|Any CPU
		{1990FC0D-41B3-4777-9968-71DD66334086}.Release|iPhoneSimulator.Build.0 = Release|Any CPU
		{1990FC0D-41B3-4777-9968-71DD66334086}.Release|iPhoneSimulator.Deploy.0 = Release|Any CPU
		{1990FC0D-41B3-4777-9968-71DD66334086}.Release|x86.ActiveCfg = Release|x86
		{1990FC0D-41B3-4777-9968-71DD66334086}.Release|x86.Build.0 = Release|x86
		{1990FC0D-41B3-4777-9968-71DD66334086}.Release|x86.Deploy.0 = Release|x86
	EndGlobalSection
	GlobalSection(SolutionProperties) = preSolution
		HideSolutionNode = FALSE
	EndGlobalSection
EndGlobal
